{
  "name": "simple-markdown-example",
  "version": "0.0.1",
  "lockfileVersion": 3,
  "requires": true,
  "packages": {
    "": {
      "name": "simple-markdown-example",
      "version": "0.0.1",
      "devDependencies": {
        "blogue": "file:../../packages/blogue-cli"
      }
    },
    "../../packages/blogue-cli": {
      "name": "blogue",
      "version": "0.1.0",
      "dev": true,
      "license": "MIT",
      "dependencies": {
        "blogue-core": "^0.1.0",
        "chalk": "^5.4.1",
        "commander": "^11.1.0",
        "inquirer": "^9.3.7",
        "simple-git": "^3.28.0",
        "slugify": "^1.6.6"
      },
      "bin": {
        "blogue": "bin/blogue.js"
      },
      "devDependencies": {
        "@types/inquirer": "^9.0.8",
        "@types/node": "^20.0.0",
        "typescript": "^5.0.0",
        "vitest": "^1.0.0"
      }
    },
    "node_modules/blogue": {
      "resolved": "../../packages/blogue-cli",
      "link": true
    }
  }
}
